github.com/infobsmi/bsmi-go v1.1.0 h1:U39MKUZAywuDkiKFDaIBtdNNGvCuqH8lX2JkQOSyGf8=
github.com/infobsmi/bsmi-go v1.1.0/go.mod h1:zO48mGrcfnIklj0HgbCy8SN+fETp8PLCvenunKU0iO0=
github.com/infobsmi/bsmi-go v1.2.0 h1:f6o41MgI9diFQs9pp74SW6R3YaVb/nYJNi4fxTgCfIQ=
github.com/infobsmi/bsmi-go v1.2.0/go.mod h1:zO48mGrcfnIklj0HgbCy8SN+fETp8PLCvenunKU0iO0=
